{
    "_meta": {
        "hash": {
            "sha256": "e6dbabc27f15e3644c691f7f628c2a01bafda8bce8221a303487acf1438d353d"
        },
        "pipfile-spec": 6,
        "requires": {
            "python_version": "3.7"
        },
        "sources": [
            {
                "name": "pypi",
                "url": "https://pypi.org/simple",
                "verify_ssl": true
            }
        ]
    },
    "default": {},
    "develop": {
        "invoke": {
            "hashes": [
                "sha256:87b3ef9d72a1667e104f89b159eaf8a514dbf2f3576885b2bbdefe74c3fb2132",
                "sha256:93e12876d88130c8e0d7fd6618dd5387d6b36da55ad541481dfa5e001656f134",
                "sha256:de3f23bfe669e3db1085789fd859eb8ca8e0c5d9c20811e2407fa042e8a5e15d"
            ],
            "version": "==1.4.1"
        },
        "noos-ci": {
            "hashes": [
                "sha256:5360897b20dcb1205fa4641348e9607e8c7dd12bded70cdbc7f5de4360bd354c",
                "sha256:8c2289647d51f57d3745083539652829faf295a6b3af04f0f69e4e2b2edb3d48"
            ],
            "index": "pypi",
            "version": "==0.0.1a3"
        }
    }
}
